
Microsoft Visual Studio Solution File, Format Version 12.00
# Visual Studio Version 17
VisualStudioVersion = 17.3.32929.385
MinimumVisualStudioVersion = 10.0.40219.1
Project("{9A19103F-16F7-4668-BE54-9A1E7A4F7556}") = "UnitTestingDemo", "UnitTestingDemo\UnitTestingDemo.csproj", "{4A518708-F8CE-4DF2-840F-F7B426CC77ED}"
EndProject
Project("{FAE04EC0-301F-11D3-BF4B-00C04F79EFBC}") = "UnitTestingDemoTests1", "UnitTestingDemoTests1\UnitTestingDemoTests1.csproj", "{69DA3B9F-4D86-4F28-B2AD-33180EBC0EC4}"
EndProject
Global
	GlobalSection(SolutionConfigurationPlatforms) = preSolution
		Debug|Any CPU = Debug|Any CPU
		Release|Any CPU = Release|Any CPU
	EndGlobalSection
	GlobalSection(ProjectConfigurationPlatforms) = postSolution
		{4A518708-F8CE-4DF2-840F-F7B426CC77ED}.Debug|Any CPU.ActiveCfg = Debug|Any CPU
		{4A518708-F8CE-4DF2-840F-F7B426CC77ED}.Debug|Any CPU.Build.0 = Debug|Any CPU
		{4A518708-F8CE-4DF2-840F-F7B426CC77ED}.Release|Any CPU.ActiveCfg = Release|Any CPU
		{4A518708-F8CE-4DF2-840F-F7B426CC77ED}.Release|Any CPU.Build.0 = Release|Any CPU
		{69DA3B9F-4D86-4F28-B2AD-33180EBC0EC4}.Debug|Any CPU.ActiveCfg = Debug|Any CPU
		{69DA3B9F-4D86-4F28-B2AD-33180EBC0EC4}.Debug|Any CPU.Build.0 = Debug|Any CPU
		{69DA3B9F-4D86-4F28-B2AD-33180EBC0EC4}.Release|Any CPU.ActiveCfg = Release|Any CPU
		{69DA3B9F-4D86-4F28-B2AD-33180EBC0EC4}.Release|Any CPU.Build.0 = Release|Any CPU
	EndGlobalSection
	GlobalSection(SolutionProperties) = preSolution
		HideSolutionNode = FALSE
	EndGlobalSection
	GlobalSection(ExtensibilityGlobals) = postSolution
		SolutionGuid = {0B0063F6-BF63-4FD5-9DED-E46C7C274680}
	EndGlobalSection
EndGlobal
